
Microsoft Visual Studio Solution File, Format Version 12.00
# Visual Studio 14
VisualStudioVersion = 14.0.25123.0
MinimumVisualStudioVersion = 10.0.40219.1
Project("{FAE04EC0-301F-11D3-BF4B-00C04F79EFBC}") = "PrimeMultiSq.Calculations.Interfaces", "PrimeMultiSq.Calculations.Interfaces\PrimeMultiSq.Calculations.Interfaces.csproj", "{9A4950A5-57CE-4289-9EBE-740593B3BD9F}"
EndProject
Project("{2150E333-8FDC-42A3-9474-1A3956D46DE8}") = "UnitTests", "UnitTests", "{61C1923D-B776-4689-A89F-D483B4F1B06C}"
EndProject
Project("{FAE04EC0-301F-11D3-BF4B-00C04F79EFBC}") = "PrimeMultiSq.Calculations.UnitTests", "PrimeMultiSq.Calculations.UnitTests\PrimeMultiSq.Calculations.UnitTests.csproj", "{2E5EC6EA-426B-438C-8E0C-F20BD28CB398}"
EndProject
Project("{FAE04EC0-301F-11D3-BF4B-00C04F79EFBC}") = "PrimeMultiSq.Calculations", "PrimeMultiSq.Calculations\PrimeMultiSq.Calculations.csproj", "{8C70725D-5CA0-4A50-A739-322E93A2C67A}"
EndProject
Project("{FAE04EC0-301F-11D3-BF4B-00C04F79EFBC}") = "PrimeMultiSq.BusinessLogic.Interfaces", "PrimeMultiSq.BusinessLogic.Interfaces\PrimeMultiSq.BusinessLogic.Interfaces.csproj", "{9C5B3D9E-E782-4C32-A20A-7081E5484341}"
EndProject
Project("{FAE04EC0-301F-11D3-BF4B-00C04F79EFBC}") = "PrimeMultiSq.BusinessLogic.UnitTests", "PrimeMultiSq.BusinessLogic.UnitTests\PrimeMultiSq.BusinessLogic.UnitTests.csproj", "{CAEE4546-C14F-4E80-8E6E-051746272CC4}"
EndProject
Project("{FAE04EC0-301F-11D3-BF4B-00C04F79EFBC}") = "PrimeMultiSq.BusinessLogic", "PrimeMultiSq.BusinessLogic\PrimeMultiSq.BusinessLogic.csproj", "{C0A53E19-A46B-49DC-9D39-14DE11E3F89E}"
EndProject
Project("{FAE04EC0-301F-11D3-BF4B-00C04F79EFBC}") = "PrimeMultiSq.Main", "PrimeMultiSq.Main\PrimeMultiSq.Main.csproj", "{0790FE6F-A90F-4CC5-AC29-5575B24461C3}"
EndProject
Global
	GlobalSection(SolutionConfigurationPlatforms) = preSolution
		Debug|Any CPU = Debug|Any CPU
		Release|Any CPU = Release|Any CPU
	EndGlobalSection
	GlobalSection(ProjectConfigurationPlatforms) = postSolution
		{9A4950A5-57CE-4289-9EBE-740593B3BD9F}.Debug|Any CPU.ActiveCfg = Debug|Any CPU
		{9A4950A5-57CE-4289-9EBE-740593B3BD9F}.Debug|Any CPU.Build.0 = Debug|Any CPU
		{9A4950A5-57CE-4289-9EBE-740593B3BD9F}.Release|Any CPU.ActiveCfg = Release|Any CPU
		{9A4950A5-57CE-4289-9EBE-740593B3BD9F}.Release|Any CPU.Build.0 = Release|Any CPU
		{2E5EC6EA-426B-438C-8E0C-F20BD28CB398}.Debug|Any CPU.ActiveCfg = Debug|Any CPU
		{2E5EC6EA-426B-438C-8E0C-F20BD28CB398}.Debug|Any CPU.Build.0 = Debug|Any CPU
		{2E5EC6EA-426B-438C-8E0C-F20BD28CB398}.Release|Any CPU.ActiveCfg = Release|Any CPU
		{2E5EC6EA-426B-438C-8E0C-F20BD28CB398}.Release|Any CPU.Build.0 = Release|Any CPU
		{8C70725D-5CA0-4A50-A739-322E93A2C67A}.Debug|Any CPU.ActiveCfg = Debug|Any CPU
		{8C70725D-5CA0-4A50-A739-322E93A2C67A}.Debug|Any CPU.Build.0 = Debug|Any CPU
		{8C70725D-5CA0-4A50-A739-322E93A2C67A}.Release|Any CPU.ActiveCfg = Release|Any CPU
		{8C70725D-5CA0-4A50-A739-322E93A2C67A}.Release|Any CPU.Build.0 = Release|Any CPU
		{9C5B3D9E-E782-4C32-A20A-7081E5484341}.Debug|Any CPU.ActiveCfg = Debug|Any CPU
		{9C5B3D9E-E782-4C32-A20A-7081E5484341}.Debug|Any CPU.Build.0 = Debug|Any CPU
		{9C5B3D9E-E782-4C32-A20A-7081E5484341}.Release|Any CPU.ActiveCfg = Release|Any CPU
		{9C5B3D9E-E782-4C32-A20A-7081E5484341}.Release|Any CPU.Build.0 = Release|Any CPU
		{CAEE4546-C14F-4E80-8E6E-051746272CC4}.Debug|Any CPU.ActiveCfg = Debug|Any CPU
		{CAEE4546-C14F-4E80-8E6E-051746272CC4}.Debug|Any CPU.Build.0 = Debug|Any CPU
		{CAEE4546-C14F-4E80-8E6E-051746272CC4}.Release|Any CPU.ActiveCfg = Release|Any CPU
		{CAEE4546-C14F-4E80-8E6E-051746272CC4}.Release|Any CPU.Build.0 = Release|Any CPU
		{C0A53E19-A46B-49DC-9D39-14DE11E3F89E}.Debug|Any CPU.ActiveCfg = Debug|Any CPU
		{C0A53E19-A46B-49DC-9D39-14DE11E3F89E}.Debug|Any CPU.Build.0 = Debug|Any CPU
		{C0A53E19-A46B-49DC-9D39-14DE11E3F89E}.Release|Any CPU.ActiveCfg = Release|Any CPU
		{C0A53E19-A46B-49DC-9D39-14DE11E3F89E}.Release|Any CPU.Build.0 = Release|Any CPU
		{0790FE6F-A90F-4CC5-AC29-5575B24461C3}.Debug|Any CPU.ActiveCfg = Debug|Any CPU
		{0790FE6F-A90F-4CC5-AC29-5575B24461C3}.Debug|Any CPU.Build.0 = Debug|Any CPU
		{0790FE6F-A90F-4CC5-AC29-5575B24461C3}.Release|Any CPU.ActiveCfg = Release|Any CPU
		{0790FE6F-A90F-4CC5-AC29-5575B24461C3}.Release|Any CPU.Build.0 = Release|Any CPU
	EndGlobalSection
	GlobalSection(SolutionProperties) = preSolution
		HideSolutionNode = FALSE
	EndGlobalSection
	GlobalSection(NestedProjects) = preSolution
		{2E5EC6EA-426B-438C-8E0C-F20BD28CB398} = {61C1923D-B776-4689-A89F-D483B4F1B06C}
		{CAEE4546-C14F-4E80-8E6E-051746272CC4} = {61C1923D-B776-4689-A89F-D483B4F1B06C}
	EndGlobalSection
EndGlobal
